{
  "pins" : [
    {
      "identity" : "ios-bluetooth-numbers-database",
      "kind" : "remoteSourceControl",
      "location" : "https://github.com/NickKibish/iOS-Bluetooth-Numbers-Database.git",
      "state" : {
        "branch" : "main",
        "revision" : "d3e5b5b57dc704008cceeb5d2390c87aad1e8bbb"
      }
    },
    {
      "identity" : "ios-common-libraries",
      "kind" : "remoteSourceControl",
      "location" : "https://github.com/NordicPlayground/IOS-Common-Libraries",
      "state" : {
        "branch" : "feature/reduce_pckage_version",
        "revision" : "5a5023a3ef91f0d7842bf5dd64e6523ad4406052"
      }
    },
    {
      "identity" : "ios-corebluetooth-mock",
      "kind" : "remoteSourceControl",
      "location" : "https://github.com/NickKibish/IOS-CoreBluetooth-Mock.git",
      "state" : {
        "branch" : "main",
        "revision" : "8fa3cc56569372f5e34288e16903bff986692ec6"
      }
    }
  ],
  "version" : 2
}
